lockfileVersion: '9.0'

settings:
  autoInstallPeers: false
  excludeLinksFromLockfile: false

importers:

  .:
    devDependencies:
      typescript:
        specifier: 6.0.0-dev.20251210
        version: 6.0.0-dev.20251210
      zod:
        specifier: 4.1.13
        version: 4.1.13

packages:

  typescript@6.0.0-dev.20251210:
    resolution: {integrity: sha512-IrJNDyAX7sgCsT+65JI8ymvq1Zm9bvioxnN8+F/LCtAQOpv3uWKVH7JbtLOEbi8+4W2HOut43A+z/MFn5m8F7A==}
    engines: {node: '>=14.17'}
    hasBin: true

  zod@4.1.13:
    resolution: {integrity: sha512-AvvthqfqrAhNH9dnfmrfKzX5upOdjUVJYFqNSlkmGf64gRaTzlPwz99IHYnVs28qYAybvAlBV+H7pn0saFY4Ig==}

snapshots:

  typescript@6.0.0-dev.20251210: {}

  zod@4.1.13: {}
